// !$*UTF8*$!
{
	archiveVersion = 1;
	classes = {
	};
	objectVersion = 56;
	objects = {

/* Begin PBXBuildFile section */
		CC00000000000000000001 /* ZCodeRemoteApp.swift in Sources */ = {isa = PBXBuildFile; fileRef = BB00000000000000000001 /* ZCodeRemoteApp.swift */; };
		CC00000000000000000002 /* Models.swift in Sources */ = {isa = PBXBuildFile; fileRef = BB00000000000000000002 /* Models.swift */; };
		CC00000000000000000003 /* BridgeSettings.swift in Sources */ = {isa = PBXBuildFile; fileRef = BB00000000000000000003 /* BridgeSettings.swift */; };
		CC00000000000000000004 /* BridgeClient.swift in Sources */ = {isa = PBXBuildFile; fileRef = BB00000000000000000004 /* BridgeClient.swift */; };
		CC00000000000000000005 /* Haptics.swift in Sources */ = {isa = PBXBuildFile; fileRef = BB00000000000000000005 /* Haptics.swift */; };
		CC00000000000000000006 /* SessionStore.swift in Sources */ = {isa = PBXBuildFile; fileRef = BB00000000000000000006 /* SessionStore.swift */; };
		CC00000000000000000007 /* RootView.swift in Sources */ = {isa = PBXBuildFile; fileRef = BB00000000000000000007 /* RootView.swift */; };
		CC00000000000000000008 /* PairingView.swift in Sources */ = {isa = PBXBuildFile; fileRef = BB00000000000000000008 /* PairingView.swift */; };
		CC00000000000000000009 /* SessionListView.swift in Sources */ = {isa = PBXBuildFile; fileRef = BB00000000000000000009 /* SessionListView.swift */; };
		CC0000000000000000000A /* SessionDetailView.swift in Sources */ = {isa = PBXBuildFile; fileRef = BB0000000000000000000A /* SessionDetailView.swift */; };
		CC0000000000000000000B /* EventRowView.swift in Sources */ = {isa = PBXBuildFile; fileRef = BB0000000000000000000B /* EventRowView.swift */; };
		CC0000000000000000000C /* Assets.xcassets in Resources */ = {isa = PBXBuildFile; fileRef = BB0000000000000000000C /* Assets.xcassets */; };
/* End PBXBuildFile section */

/* Begin PBXFileReference section */
		BB00000000000000000001 /* ZCodeRemoteApp.swift */ = {isa = PBXFileReference; lastKnownFileType = sourcecode.swift; path = ZCodeRemoteApp.swift; sourceTree = "<group>"; };
		BB00000000000000000002 /* Models.swift */ = {isa = PBXFileReference; lastKnownFileType = sourcecode.swift; path = Models.swift; sourceTree = "<group>"; };
		BB00000000000000000003 /* BridgeSettings.swift */ = {isa = PBXFileReference; lastKnownFileType = sourcecode.swift; path = BridgeSettings.swift; sourceTree = "<group>"; };
		BB00000000000000000004 /* BridgeClient.swift */ = {isa = PBXFileReference; lastKnownFileType = sourcecode.swift; path = BridgeClient.swift; sourceTree = "<group>"; };
		BB00000000000000000005 /* Haptics.swift */ = {isa = PBXFileReference; lastKnownFileType = sourcecode.swift; path = Haptics.swift; sourceTree = "<group>"; };
		BB00000000000000000006 /* SessionStore.swift */ = {isa = PBXFileReference; lastKnownFileType = sourcecode.swift; path = SessionStore.swift; sourceTree = "<group>"; };
		BB00000000000000000007 /* RootView.swift */ = {isa = PBXFileReference; lastKnownFileType = sourcecode.swift; path = RootView.swift; sourceTree = "<group>"; };
		BB00000000000000000008 /* PairingView.swift */ = {isa = PBXFileReference; lastKnownFileType = sourcecode.swift; path = PairingView.swift; sourceTree = "<group>"; };
		BB00000000000000000009 /* SessionListView.swift */ = {isa = PBXFileReference; lastKnownFileType = sourcecode.swift; path = SessionListView.swift; sourceTree = "<group>"; };
		BB0000000000000000000A /* SessionDetailView.swift */ = {isa = PBXFileReference; lastKnownFileType = sourcecode.swift; path = SessionDetailView.swift; sourceTree = "<group>"; };
		BB0000000000000000000B /* EventRowView.swift */ = {isa = PBXFileReference; lastKnownFileType = sourcecode.swift; path = EventRowView.swift; sourceTree = "<group>"; };
		BB0000000000000000000C /* Assets.xcassets */ = {isa = PBXFileReference; lastKnownFileType = folder.assetcatalog; path = Assets.xcassets; sourceTree = "<group>"; };
		BB0000000000000000000D /* Info.plist */ = {isa = PBXFileReference; lastKnownFileType = text.plist.xml; path = Info.plist; sourceTree = "<group>"; };
		BB0000000000000000000E /* ZCodeRemote.app */ = {isa = PBXFileReference; explicitFileType = wrapper.application; includeInIndex = 0; path = ZCodeRemote.app; sourceTree = BUILT_PRODUCTS_DIR; };
/* End PBXFileReference section */

/* Begin PBXFrameworksBuildPhase section */
		AA0000000000000000000A /* Frameworks */ = {
			isa = PBXFrameworksBuildPhase;
			buildActionMask = 2147483647;
			files = (
			);
			runOnlyForDeploymentPostprocessing = 0;
		};
/* End PBXFrameworksBuildPhase section */

/* Begin PBXGroup section */
		AA00000000000000000002 = {
			isa = PBXGroup;
			children = (
				AA00000000000000000004 /* ZCodeRemote */,
				AA00000000000000000003 /* Products */,
			);
			sourceTree = "<group>";
		};
		AA00000000000000000003 /* Products */ = {
			isa = PBXGroup;
			children = (
				BB0000000000000000000E /* ZCodeRemote.app */,
			);
			name = Products;
			sourceTree = "<group>";
		};
		AA00000000000000000004 /* ZCodeRemote */ = {
			isa = PBXGroup;
			children = (
				BB00000000000000000001 /* ZCodeRemoteApp.swift */,
				BB00000000000000000002 /* Models.swift */,
				BB00000000000000000003 /* BridgeSettings.swift */,
				BB00000000000000000004 /* BridgeClient.swift */,
				BB00000000000000000005 /* Haptics.swift */,
				BB00000000000000000006 /* SessionStore.swift */,
				AA00000000000000000005 /* Views */,
				BB0000000000000000000C /* Assets.xcassets */,
				BB0000000000000000000D /* Info.plist */,
			);
			path = ZCodeRemote;
			sourceTree = "<group>";
		};
		AA00000000000000000005 /* Views */ = {
			isa = PBXGroup;
			children = (
				BB00000000000000000007 /* RootView.swift */,
				BB00000000000000000008 /* PairingView.swift */,
				BB00000000000000000009 /* SessionListView.swift */,
				BB0000000000000000000A /* SessionDetailView.swift */,
				BB0000000000000000000B /* EventRowView.swift */,
			);
			path = Views;
			sourceTree = "<group>";
		};
/* End PBXGroup section */

/* Begin PBXNativeTarget section */
		AA00000000000000000006 /* ZCodeRemote */ = {
			isa = PBXNativeTarget;
			buildConfigurationList = AA0000000000000000000C /* Build configuration list for PBXNativeTarget "ZCodeRemote" */;
			buildPhases = (
				AA00000000000000000008 /* Sources */,
				AA0000000000000000000A /* Frameworks */,
				AA00000000000000000009 /* Resources */,
			);
			buildRules = (
			);
			dependencies = (
			);
			name = ZCodeRemote;
			productName = ZCodeRemote;
			productReference = BB0000000000000000000E /* ZCodeRemote.app */;
			productType = "com.apple.product-type.application";
		};
/* End PBXNativeTarget section */

/* Begin PBXProject section */
		AA00000000000000000001 /* Project object */ = {
			isa = PBXProject;
			attributes = {
				BuildIndependentTargetsInParallel = 1;
				LastSwiftUpdateCheck = 1500;
				LastUpgradeCheck = 1500;
				TargetAttributes = {
					AA00000000000000000006 = {
						CreatedOnToolsVersion = 15.0;
					};
				};
			};
			buildConfigurationList = AA0000000000000000000B /* Build configuration list for PBXProject "ZCodeRemote" */;
			compatibilityVersion = "Xcode 14.0";
			developmentRegion = en;
			hasScannedForEncodings = 0;
			knownRegions = (
				en,
				Base,
			);
			mainGroup = AA00000000000000000002;
			productRefGroup = AA00000000000000000003 /* Products */;
			projectDirPath = "";
			projectRoot = "";
			targets = (
				AA00000000000000000006 /* ZCodeRemote */,
			);
		};
/* End PBXProject section */

/* Begin PBXResourcesBuildPhase section */
		AA00000000000000000009 /* Resources */ = {
			isa = PBXResourcesBuildPhase;
			buildActionMask = 2147483647;
			files = (
				CC0000000000000000000C /* Assets.xcassets in Resources */,
			);
			runOnlyForDeploymentPostprocessing = 0;
		};
/* End PBXResourcesBuildPhase section */

/* Begin PBXSourcesBuildPhase section */
		AA00000000000000000008 /* Sources */ = {
			isa = PBXSourcesBuildPhase;
			buildActionMask = 2147483647;
			files = (
				CC00000000000000000001 /* ZCodeRemoteApp.swift in Sources */,
				CC00000000000000000002 /* Models.swift in Sources */,
				CC00000000000000000003 /* BridgeSettings.swift in Sources */,
				CC00000000000000000004 /* BridgeClient.swift in Sources */,
				CC00000000000000000005 /* Haptics.swift in Sources */,
				CC00000000000000000006 /* SessionStore.swift in Sources */,
				CC00000000000000000007 /* RootView.swift in Sources */,
				CC00000000000000000008 /* PairingView.swift in Sources */,
				CC00000000000000000009 /* SessionListView.swift in Sources */,
				CC0000000000000000000A /* SessionDetailView.swift in Sources */,
				CC0000000000000000000B /* EventRowView.swift in Sources */,
			);
			runOnlyForDeploymentPostprocessing = 0;
		};
/* End PBXSourcesBuildPhase section */

/* Begin XCBuildConfiguration section */
		AA0000000000000000000D /* Debug */ = {
			isa = XCBuildConfiguration;
			buildSettings = {
				ALWAYS_SEARCH_USER_PATHS = NO;
				CLANG_ANALYZER_NONNULL = YES;
				CLANG_ENABLE_MODULES = YES;
				CLANG_ENABLE_OBJC_ARC = YES;
				COPY_PHASE_STRIP = NO;
				DEBUG_INFORMATION_FORMAT = dwarf;
				ENABLE_STRICT_OBJC_MSGSEND = YES;
				ENABLE_TESTABILITY = YES;
				GCC_C_LANGUAGE_STANDARD = gnu17;
				GCC_DYNAMIC_NO_PIC = NO;
				GCC_NO_COMMON_BLOCKS = YES;
				GCC_OPTIMIZATION_LEVEL = 0;
				GCC_PREPROCESSOR_DEFINITIONS = (
					"DEBUG=1",
					"$(inherited)",
				);
				MTL_ENABLE_DEBUG_INFO = INCLUDE_SOURCE;
				MTL_FAST_MATH = YES;
				ONLY_ACTIVE_ARCH = YES;
				SWIFT_ACTIVE_COMPILATION_CONDITIONS = "DEBUG $(inherited)";
				SWIFT_OPTIMIZATION_LEVEL = "-Onone";
			};
			name = Debug;
		};
		AA0000000000000000000E /* Release */ = {
			isa = XCBuildConfiguration;
			buildSettings = {
				ALWAYS_SEARCH_USER_PATHS = NO;
				CLANG_ANALYZER_NONNULL = YES;
				CLANG_ENABLE_MODULES = YES;
				CLANG_ENABLE_OBJC_ARC = YES;
				COPY_PHASE_STRIP = NO;
				DEBUG_INFORMATION_FORMAT = "dwarf-with-dsym";
				ENABLE_NS_ASSERTIONS = NO;
				ENABLE_STRICT_OBJC_MSGSEND = YES;
				GCC_C_LANGUAGE_STANDARD = gnu17;
				GCC_NO_COMMON_BLOCKS = YES;
				MTL_ENABLE_DEBUG_INFO = NO;
				MTL_FAST_MATH = YES;
				SWIFT_COMPILATION_MODE = wholemodule;
			};
			name = Release;
		};
		AA0000000000000000000F /* Debug */ = {
			isa = XCBuildConfiguration;
			buildSettings = {
				ASSETCATALOG_COMPILER_APPICON_NAME = AppIcon;
				CODE_SIGN_STYLE = Automatic;
				CURRENT_PROJECT_VERSION = 1;
				ENABLE_PREVIEWS = YES;
				GENERATE_INFOPLIST_FILE = NO;
				INFOPLIST_FILE = ZCodeRemote/Info.plist;
				LD_RUNPATH_SEARCH_PATHS = (
					"$(inherited)",
					"@executable_path/Frameworks",
				);
				MARKETING_VERSION = 0.1.0;
				PRODUCT_BUNDLE_IDENTIFIER = com.zcoderemote.ZCodeRemote;
				PRODUCT_NAME = "$(TARGET_NAME)";
				SDKROOT = watchos;
				SWIFT_EMIT_LOC_STRINGS = YES;
				SWIFT_VERSION = 5.0;
				TARGETED_DEVICE_FAMILY = 4;
				WATCHOS_DEPLOYMENT_TARGET = 10.0;
			};
			name = Debug;
		};
		AA00000000000000000010 /* Release */ = {
			isa = XCBuildConfiguration;
			buildSettings = {
				ASSETCATALOG_COMPILER_APPICON_NAME = AppIcon;
				CODE_SIGN_STYLE = Automatic;
				CURRENT_PROJECT_VERSION = 1;
				ENABLE_PREVIEWS = YES;
				GENERATE_INFOPLIST_FILE = NO;
				INFOPLIST_FILE = ZCodeRemote/Info.plist;
				LD_RUNPATH_SEARCH_PATHS = (
					"$(inherited)",
					"@executable_path/Frameworks",
				);
				MARKETING_VERSION = 0.1.0;
				PRODUCT_BUNDLE_IDENTIFIER = com.zcoderemote.ZCodeRemote;
				PRODUCT_NAME = "$(TARGET_NAME)";
				SDKROOT = watchos;
				SWIFT_EMIT_LOC_STRINGS = YES;
				SWIFT_VERSION = 5.0;
				TARGETED_DEVICE_FAMILY = 4;
				WATCHOS_DEPLOYMENT_TARGET = 10.0;
			};
			name = Release;
		};
/* End XCBuildConfiguration section */

/* Begin XCConfigurationList section */
		AA0000000000000000000B /* Build configuration list for PBXProject "ZCodeRemote" */ = {
			isa = XCConfigurationList;
			buildConfigurations = (
				AA0000000000000000000D /* Debug */,
				AA0000000000000000000E /* Release */,
			);
			defaultConfigurationIsVisible = 0;
			defaultConfigurationName = Release;
		};
		AA0000000000000000000C /* Build configuration list for PBXNativeTarget "ZCodeRemote" */ = {
			isa = XCConfigurationList;
			buildConfigurations = (
				AA0000000000000000000F /* Debug */,
				AA00000000000000000010 /* Release */,
			);
			defaultConfigurationIsVisible = 0;
			defaultConfigurationName = Release;
		};
/* End XCConfigurationList section */
	};
	rootObject = AA00000000000000000001 /* Project object */;
}
